// !$*UTF8*$!
{
	archiveVersion = 1;
	classes = {
	};
	objectVersion = 46;
	objects = {

/* Begin PBXBuildFile section */
		6B3F78851B19766E00AFF84C /* ESSEddystone.m in Sources */ = {isa = PBXBuildFile; fileRef = 6B3F78841B19766E00AFF84C /* ESSEddystone.m */; };
		6B3F78981B1CB46A00AFF84C /* ESSTimer.m in Sources */ = {isa = PBXBuildFile; fileRef = 6B3F78971B1CB46A00AFF84C /* ESSTimer.m */; };
		6B50A8881B4ABBC90035579E /* DispatchTimer.swift in Sources */ = {isa = PBXBuildFile; fileRef = 6B50A8871B4ABBC90035579E /* DispatchTimer.swift */; };
		6B8201A71B46C4FA00711245 /* AppDelegate.swift in Sources */ = {isa = PBXBuildFile; fileRef = 6B8201A61B46C4FA00711245 /* AppDelegate.swift */; };
		6B8201A91B46C4FA00711245 /* ViewController.swift in Sources */ = {isa = PBXBuildFile; fileRef = 6B8201A81B46C4FA00711245 /* ViewController.swift */; };
		6B8201AC1B46C4FA00711245 /* Main.storyboard in Resources */ = {isa = PBXBuildFile; fileRef = 6B8201AA1B46C4FA00711245 /* Main.storyboard */; };
		6B8201AE1B46C4FA00711245 /* Images.xcassets in Resources */ = {isa = PBXBuildFile; fileRef = 6B8201AD1B46C4FA00711245 /* Images.xcassets */; };
		6B8201B11B46C4FA00711245 /* LaunchScreen.xib in Resources */ = {isa = PBXBuildFile; fileRef = 6B8201AF1B46C4FA00711245 /* LaunchScreen.xib */; };
		6B8201C71B46CA5F00711245 /* Eddystone.swift in Sources */ = {isa = PBXBuildFile; fileRef = 6B8201C61B46CA5F00711245 /* Eddystone.swift */; };
		6B8201C91B46D9C500711245 /* BeaconScanner.swift in Sources */ = {isa = PBXBuildFile; fileRef = 6B8201C81B46D9C500711245 /* BeaconScanner.swift */; };
		6B8201CA1B46DA0900711245 /* CoreBluetooth.framework in Frameworks */ = {isa = PBXBuildFile; fileRef = 6BD89F7D1B154547001C5B31 /* CoreBluetooth.framework */; };
		6BD89F5A1B154502001C5B31 /* main.m in Sources */ = {isa = PBXBuildFile; fileRef = 6BD89F591B154502001C5B31 /* main.m */; };
		6BD89F5D1B154502001C5B31 /* AppDelegate.m in Sources */ = {isa = PBXBuildFile; fileRef = 6BD89F5C1B154502001C5B31 /* AppDelegate.m */; };
		6BD89F601B154502001C5B31 /* ViewController.m in Sources */ = {isa = PBXBuildFile; fileRef = 6BD89F5F1B154502001C5B31 /* ViewController.m */; };
		6BD89F631B154503001C5B31 /* Main.storyboard in Resources */ = {isa = PBXBuildFile; fileRef = 6BD89F611B154503001C5B31 /* Main.storyboard */; };
		6BD89F651B154503001C5B31 /* Images.xcassets in Resources */ = {isa = PBXBuildFile; fileRef = 6BD89F641B154503001C5B31 /* Images.xcassets */; };
		6BD89F681B154503001C5B31 /* LaunchScreen.xib in Resources */ = {isa = PBXBuildFile; fileRef = 6BD89F661B154503001C5B31 /* LaunchScreen.xib */; };
		6BD89F741B154503001C5B31 /* EddystoneScannerSampleTests.m in Sources */ = {isa = PBXBuildFile; fileRef = 6BD89F731B154503001C5B31 /* EddystoneScannerSampleTests.m */; };
		6BD89F7E1B154547001C5B31 /* CoreBluetooth.framework in Frameworks */ = {isa = PBXBuildFile; fileRef = 6BD89F7D1B154547001C5B31 /* CoreBluetooth.framework */; };
		6BD89F811B1545AA001C5B31 /* ESSBeaconScanner.m in Sources */ = {isa = PBXBuildFile; fileRef = 6BD89F801B1545AA001C5B31 /* ESSBeaconScanner.m */; };
/* End PBXBuildFile section */

/* Begin PBXContainerItemProxy section */
		6BD89F6E1B154503001C5B31 /* PBXContainerItemProxy */ = {
			isa = PBXContainerItemProxy;
			containerPortal = 6BD89F4C1B154502001C5B31 /* Project object */;
			proxyType = 1;
			remoteGlobalIDString = 6BD89F531B154502001C5B31;
			remoteInfo = EddystoneScannerSample;
		};
/* End PBXContainerItemProxy section */

/* Begin PBXFileReference section */
		6B3F78831B19766E00AFF84C /* ESSEddystone.h */ = {isa = PBXFileReference; fileEncoding = 4; lastKnownFileType = sourcecode.c.h; path = ESSEddystone.h; sourceTree = "<group>"; };
		6B3F78841B19766E00AFF84C /* ESSEddystone.m */ = {isa = PBXFileReference; fileEncoding = 4; lastKnownFileType = sourcecode.c.objc; path = ESSEddystone.m; sourceTree = "<group>"; };
		6B3F78961B1CB46A00AFF84C /* ESSTimer.h */ = {isa = PBXFileReference; fileEncoding = 4; lastKnownFileType = sourcecode.c.h; path = ESSTimer.h; sourceTree = "<group>"; };
		6B3F78971B1CB46A00AFF84C /* ESSTimer.m */ = {isa = PBXFileReference; fileEncoding = 4; lastKnownFileType = sourcecode.c.objc; path = ESSTimer.m; sourceTree = "<group>"; };
		6B50A8871B4ABBC90035579E /* DispatchTimer.swift */ = {isa = PBXFileReference; fileEncoding = 4; lastKnownFileType = sourcecode.swift; path = DispatchTimer.swift; sourceTree = "<group>"; };
		6B8201A21B46C4FA00711245 /* EddystoneScannerSampleSwift.app */ = {isa = PBXFileReference; explicitFileType = wrapper.application; includeInIndex = 0; path = EddystoneScannerSampleSwift.app; sourceTree = BUILT_PRODUCTS_DIR; };
		6B8201A51B46C4FA00711245 /* Info.plist */ = {isa = PBXFileReference; lastKnownFileType = text.plist.xml; path = Info.plist; sourceTree = "<group>"; };
		6B8201A61B46C4FA00711245 /* AppDelegate.swift */ = {isa = PBXFileReference; lastKnownFileType = sourcecode.swift; path = AppDelegate.swift; sourceTree = "<group>"; };
		6B8201A81B46C4FA00711245 /* ViewController.swift */ = {isa = PBXFileReference; lastKnownFileType = sourcecode.swift; path = ViewController.swift; sourceTree = "<group>"; };
		6B8201AB1B46C4FA00711245 /* Base */ = {isa = PBXFileReference; lastKnownFileType = file.storyboard; name = Base; path = Base.lproj/Main.storyboard; sourceTree = "<group>"; };
		6B8201AD1B46C4FA00711245 /* Images.xcassets */ = {isa = PBXFileReference; lastKnownFileType = folder.assetcatalog; path = Images.xcassets; sourceTree = "<group>"; };
		6B8201B01B46C4FA00711245 /* Base */ = {isa = PBXFileReference; lastKnownFileType = file.xib; name = Base; path = Base.lproj/LaunchScreen.xib; sourceTree = "<group>"; };
		6B8201C61B46CA5F00711245 /* Eddystone.swift */ = {isa = PBXFileReference; fileEncoding = 4; lastKnownFileType = sourcecode.swift; path = Eddystone.swift; sourceTree = "<group>"; };
		6B8201C81B46D9C500711245 /* BeaconScanner.swift */ = {isa = PBXFileReference; fileEncoding = 4; lastKnownFileType = sourcecode.swift; path = BeaconScanner.swift; sourceTree = "<group>"; };
		6BD89F541B154502001C5B31 /* EddystoneScannerSample.app */ = {isa = PBXFileReference; explicitFileType = wrapper.application; includeInIndex = 0; path = EddystoneScannerSample.app; sourceTree = BUILT_PRODUCTS_DIR; };
		6BD89F581B154502001C5B31 /* Info.plist */ = {isa = PBXFileReference; lastKnownFileType = text.plist.xml; path = Info.plist; sourceTree = "<group>"; };
		6BD89F591B154502001C5B31 /* main.m */ = {isa = PBXFileReference; lastKnownFileType = sourcecode.c.objc; path = main.m; sourceTree = "<group>"; };
		6BD89F5B1B154502001C5B31 /* AppDelegate.h */ = {isa = PBXFileReference; lastKnownFileType = sourcecode.c.h; path = AppDelegate.h; sourceTree = "<group>"; };
		6BD89F5C1B154502001C5B31 /* AppDelegate.m */ = {isa = PBXFileReference; lastKnownFileType = sourcecode.c.objc; path = AppDelegate.m; sourceTree = "<group>"; };
		6BD89F5E1B154502001C5B31 /* ViewController.h */ = {isa = PBXFileReference; lastKnownFileType = sourcecode.c.h; path = ViewController.h; sourceTree = "<group>"; };
		6BD89F5F1B154502001C5B31 /* ViewController.m */ = {isa = PBXFileReference; lastKnownFileType = sourcecode.c.objc; path = ViewController.m; sourceTree = "<group>"; };
		6BD89F621B154503001C5B31 /* Base */ = {isa = PBXFileReference; lastKnownFileType = file.storyboard; name = Base; path = Base.lproj/Main.storyboard; sourceTree = "<group>"; };
		6BD89F641B154503001C5B31 /* Images.xcassets */ = {isa = PBXFileReference; lastKnownFileType = folder.assetcatalog; path = Images.xcassets; sourceTree = "<group>"; };
		6BD89F671B154503001C5B31 /* Base */ = {isa = PBXFileReference; lastKnownFileType = file.xib; name = Base; path = Base.lproj/LaunchScreen.xib; sourceTree = "<group>"; };
		6BD89F6D1B154503001C5B31 /* EddystoneScannerSampleTests.xctest */ = {isa = PBXFileReference; explicitFileType = wrapper.cfbundle; includeInIndex = 0; path = EddystoneScannerSampleTests.xctest; sourceTree = BUILT_PRODUCTS_DIR; };
		6BD89F721B154503001C5B31 /* Info.plist */ = {isa = PBXFileReference; lastKnownFileType = text.plist.xml; path = Info.plist; sourceTree = "<group>"; };
		6BD89F731B154503001C5B31 /* EddystoneScannerSampleTests.m */ = {isa = PBXFileReference; lastKnownFileType = sourcecode.c.objc; path = EddystoneScannerSampleTests.m; sourceTree = "<group>"; };
		6BD89F7D1B154547001C5B31 /* CoreBluetooth.framework */ = {isa = PBXFileReference; lastKnownFileType = wrapper.framework; name = CoreBluetooth.framework; path = System/Library/Frameworks/CoreBluetooth.framework; sourceTree = SDKROOT; };
		6BD89F7F1B1545AA001C5B31 /* ESSBeaconScanner.h */ = {isa = PBXFileReference; fileEncoding = 4; lastKnownFileType = sourcecode.c.h; path = ESSBeaconScanner.h; sourceTree = "<group>"; };
		6BD89F801B1545AA001C5B31 /* ESSBeaconScanner.m */ = {isa = PBXFileReference; fileEncoding = 4; lastKnownFileType = sourcecode.c.objc; path = ESSBeaconScanner.m; sourceTree = "<group>"; };
/* End PBXFileReference section */

/* Begin PBXFrameworksBuildPhase section */
		6B82019F1B46C4FA00711245 /* Frameworks */ = {
			isa = PBXFrameworksBuildPhase;
			buildActionMask = 2147483647;
			files = (
				6B8201CA1B46DA0900711245 /* CoreBluetooth.framework in Frameworks */,
			);
			runOnlyForDeploymentPostprocessing = 0;
		};
		6BD89F511B154502001C5B31 /* Frameworks */ = {
			isa = PBXFrameworksBuildPhase;
			buildActionMask = 2147483647;
			files = (
				6BD89F7E1B154547001C5B31 /* CoreBluetooth.framework in Frameworks */,
			);
			runOnlyForDeploymentPostprocessing = 0;
		};
		6BD89F6A1B154503001C5B31 /* Frameworks */ = {
			isa = PBXFrameworksBuildPhase;
			buildActionMask = 2147483647;
			files = (
			);
			runOnlyForDeploymentPostprocessing = 0;
		};
/* End PBXFrameworksBuildPhase section */

/* Begin PBXGroup section */
		6B3F78821B19764F00AFF84C /* Beacon Scanner */ = {
			isa = PBXGroup;
			children = (
				6B3F78831B19766E00AFF84C /* ESSEddystone.h */,
				6B3F78841B19766E00AFF84C /* ESSEddystone.m */,
				6BD89F7F1B1545AA001C5B31 /* ESSBeaconScanner.h */,
				6BD89F801B1545AA001C5B31 /* ESSBeaconScanner.m */,
				6B3F78961B1CB46A00AFF84C /* ESSTimer.h */,
				6B3F78971B1CB46A00AFF84C /* ESSTimer.m */,
			);
			name = "Beacon Scanner";
			sourceTree = "<group>";
		};
		6B8201A31B46C4FA00711245 /* EddystoneScannerSampleSwift */ = {
			isa = PBXGroup;
			children = (
				6B8201C51B46CA4900711245 /* Beacon Scanner */,
				6B8201C41B46C51300711245 /* UI Resources */,
				6B8201A61B46C4FA00711245 /* AppDelegate.swift */,
				6B8201A81B46C4FA00711245 /* ViewController.swift */,
				6B8201A41B46C4FA00711245 /* Supporting Files */,
			);
			path = EddystoneScannerSampleSwift;
			sourceTree = "<group>";
		};
		6B8201A41B46C4FA00711245 /* Supporting Files */ = {
			isa = PBXGroup;
			children = (
				6B8201A51B46C4FA00711245 /* Info.plist */,
			);
			name = "Supporting Files";
			sourceTree = "<group>";
		};
		6B8201C41B46C51300711245 /* UI Resources */ = {
			isa = PBXGroup;
			children = (
				6B8201AA1B46C4FA00711245 /* Main.storyboard */,
				6B8201AD1B46C4FA00711245 /* Images.xcassets */,
				6B8201AF1B46C4FA00711245 /* LaunchScreen.xib */,
			);
			name = "UI Resources";
			sourceTree = "<group>";
		};
		6B8201C51B46CA4900711245 /* Beacon Scanner */ = {
			isa = PBXGroup;
			children = (
				6B8201C61B46CA5F00711245 /* Eddystone.swift */,
				6B8201C81B46D9C500711245 /* BeaconScanner.swift */,
				6B50A8871B4ABBC90035579E /* DispatchTimer.swift */,
			);
			name = "Beacon Scanner";
			sourceTree = "<group>";
		};
		6BD89F4B1B154502001C5B31 = {
			isa = PBXGroup;
			children = (
				6BD89F7D1B154547001C5B31 /* CoreBluetooth.framework */,
				6BD89F561B154502001C5B31 /* EddystoneScannerSample */,
				6BD89F701B154503001C5B31 /* EddystoneScannerSampleTests */,
				6B8201A31B46C4FA00711245 /* EddystoneScannerSampleSwift */,
				6BD89F551B154502001C5B31 /* Products */,
			);
			sourceTree = "<group>";
		};
		6BD89F551B154502001C5B31 /* Products */ = {
			isa = PBXGroup;
			children = (
				6BD89F541B154502001C5B31 /* EddystoneScannerSample.app */,
				6BD89F6D1B154503001C5B31 /* EddystoneScannerSampleTests.xctest */,
				6B8201A21B46C4FA00711245 /* EddystoneScannerSampleSwift.app */,
			);
			name = Products;
			sourceTree = "<group>";
		};
		6BD89F561B154502001C5B31 /* EddystoneScannerSample */ = {
			isa = PBXGroup;
			children = (
				6B3F78821B19764F00AFF84C /* Beacon Scanner */,
				6BD89F5B1B154502001C5B31 /* AppDelegate.h */,
				6BD89F5C1B154502001C5B31 /* AppDelegate.m */,
				6BD89F5E1B154502001C5B31 /* ViewController.h */,
				6BD89F5F1B154502001C5B31 /* ViewController.m */,
				6BD89F611B154503001C5B31 /* Main.storyboard */,
				6BD89F641B154503001C5B31 /* Images.xcassets */,
				6BD89F661B154503001C5B31 /* LaunchScreen.xib */,
				6BD89F571B154502001C5B31 /* Supporting Files */,
			);
			path = EddystoneScannerSample;
			sourceTree = "<group>";
		};
		6BD89F571B154502001C5B31 /* Supporting Files */ = {
			isa = PBXGroup;
			children = (
				6BD89F581B154502001C5B31 /* Info.plist */,
				6BD89F591B154502001C5B31 /* main.m */,
			);
			name = "Supporting Files";
			sourceTree = "<group>";
		};
		6BD89F701B154503001C5B31 /* EddystoneScannerSampleTests */ = {
			isa = PBXGroup;
			children = (
				6BD89F731B154503001C5B31 /* EddystoneScannerSampleTests.m */,
				6BD89F711B154503001C5B31 /* Supporting Files */,
			);
			path = EddystoneScannerSampleTests;
			sourceTree = "<group>";
		};
		6BD89F711B154503001C5B31 /* Supporting Files */ = {
			isa = PBXGroup;
			children = (
				6BD89F721B154503001C5B31 /* Info.plist */,
			);
			name = "Supporting Files";
			sourceTree = "<group>";
		};
/* End PBXGroup section */

/* Begin PBXNativeTarget section */
		6B8201A11B46C4FA00711245 /* EddystoneScannerSampleSwift */ = {
			isa = PBXNativeTarget;
			buildConfigurationList = 6B8201C21B46C4FA00711245 /* Build configuration list for PBXNativeTarget "EddystoneScannerSampleSwift" */;
			buildPhases = (
				6B82019E1B46C4FA00711245 /* Sources */,
				6B82019F1B46C4FA00711245 /* Frameworks */,
				6B8201A01B46C4FA00711245 /* Resources */,
			);
			buildRules = (
			);
			dependencies = (
			);
			name = EddystoneScannerSampleSwift;
			productName = EddystoneScannerSampleSwift;
			productReference = 6B8201A21B46C4FA00711245 /* EddystoneScannerSampleSwift.app */;
			productType = "com.apple.product-type.application";
		};
		6BD89F531B154502001C5B31 /* EddystoneScannerSample */ = {
			isa = PBXNativeTarget;
			buildConfigurationList = 6BD89F771B154503001C5B31 /* Build configuration list for PBXNativeTarget "EddystoneScannerSample" */;
			buildPhases = (
				6BD89F501B154502001C5B31 /* Sources */,
				6BD89F511B154502001C5B31 /* Frameworks */,
				6BD89F521B154502001C5B31 /* Resources */,
			);
			buildRules = (
			);
			dependencies = (
			);
			name = EddystoneScannerSample;
			productName = EddystoneScannerSample;
			productReference = 6BD89F541B154502001C5B31 /* EddystoneScannerSample.app */;
			productType = "com.apple.product-type.application";
		};
		6BD89F6C1B154503001C5B31 /* EddystoneScannerSampleTests */ = {
			isa = PBXNativeTarget;
			buildConfigurationList = 6BD89F7A1B154503001C5B31 /* Build configuration list for PBXNativeTarget "EddystoneScannerSampleTests" */;
			buildPhases = (
				6BD89F691B154503001C5B31 /* Sources */,
				6BD89F6A1B154503001C5B31 /* Frameworks */,
				6BD89F6B1B154503001C5B31 /* Resources */,
			);
			buildRules = (
			);
			dependencies = (
				6BD89F6F1B154503001C5B31 /* PBXTargetDependency */,
			);
			name = EddystoneScannerSampleTests;
			productName = EddystoneScannerSampleTests;
			productReference = 6BD89F6D1B154503001C5B31 /* EddystoneScannerSampleTests.xctest */;
			productType = "com.apple.product-type.bundle.unit-test";
		};
/* End PBXNativeTarget section */

/* Begin PBXProject section */
		6BD89F4C1B154502001C5B31 /* Project object */ = {
			isa = PBXProject;
			attributes = {
				LastSwiftUpdateCheck = 0720;
				LastUpgradeCheck = 0710;
				ORGANIZATIONNAME = "Google, Inc.";
				TargetAttributes = {
					6B8201A11B46C4FA00711245 = {
						CreatedOnToolsVersion = 6.3.1;
					};
					6BD89F531B154502001C5B31 = {
						CreatedOnToolsVersion = 6.3.1;
						SystemCapabilities = {
							com.apple.BackgroundModes = {
								enabled = 1;
							};
						};
					};
					6BD89F6C1B154503001C5B31 = {
						CreatedOnToolsVersion = 6.3.1;
						TestTargetID = 6BD89F531B154502001C5B31;
					};
				};
			};
			buildConfigurationList = 6BD89F4F1B154502001C5B31 /* Build configuration list for PBXProject "EddystoneScannerSample" */;
			compatibilityVersion = "Xcode 3.2";
			developmentRegion = English;
			hasScannedForEncodings = 0;
			knownRegions = (
				en,
				Base,
			);
			mainGroup = 6BD89F4B1B154502001C5B31;
			productRefGroup = 6BD89F551B154502001C5B31 /* Products */;
			projectDirPath = "";
			projectRoot = "";
			targets = (
				6BD89F531B154502001C5B31 /* EddystoneScannerSample */,
				6BD89F6C1B154503001C5B31 /* EddystoneScannerSampleTests */,
				6B8201A11B46C4FA00711245 /* EddystoneScannerSampleSwift */,
			);
		};
/* End PBXProject section */

/* Begin PBXResourcesBuildPhase section */
		6B8201A01B46C4FA00711245 /* Resources */ = {
			isa = PBXResourcesBuildPhase;
			buildActionMask = 2147483647;
			files = (
				6B8201AC1B46C4FA00711245 /* Main.storyboard in Resources */,
				6B8201B11B46C4FA00711245 /* LaunchScreen.xib in Resources */,
				6B8201AE1B46C4FA00711245 /* Images.xcassets in Resources */,
			);
			runOnlyForDeploymentPostprocessing = 0;
		};
		6BD89F521B154502001C5B31 /* Resources */ = {
			isa = PBXResourcesBuildPhase;
			buildActionMask = 2147483647;
			files = (
				6BD89F631B154503001C5B31 /* Main.storyboard in Resources */,
				6BD89F681B154503001C5B31 /* LaunchScreen.xib in Resources */,
				6BD89F651B154503001C5B31 /* Images.xcassets in Resources */,
			);
			runOnlyForDeploymentPostprocessing = 0;
		};
		6BD89F6B1B154503001C5B31 /* Resources */ = {
			isa = PBXResourcesBuildPhase;
			buildActionMask = 2147483647;
			files = (
			);
			runOnlyForDeploymentPostprocessing = 0;
		};
/* End PBXResourcesBuildPhase section */

/* Begin PBXSourcesBuildPhase section */
		6B82019E1B46C4FA00711245 /* Sources */ = {
			isa = PBXSourcesBuildPhase;
			buildActionMask = 2147483647;
			files = (
				6B50A8881B4ABBC90035579E /* DispatchTimer.swift in Sources */,
				6B8201C91B46D9C500711245 /* BeaconScanner.swift in Sources */,
				6B8201C71B46CA5F00711245 /* Eddystone.swift in Sources */,
				6B8201A91B46C4FA00711245 /* ViewController.swift in Sources */,
				6B8201A71B46C4FA00711245 /* AppDelegate.swift in Sources */,
			);
			runOnlyForDeploymentPostprocessing = 0;
		};
		6BD89F501B154502001C5B31 /* Sources */ = {
			isa = PBXSourcesBuildPhase;
			buildActionMask = 2147483647;
			files = (
				6BD89F601B154502001C5B31 /* ViewController.m in Sources */,
				6B3F78851B19766E00AFF84C /* ESSEddystone.m in Sources */,
				6BD89F5D1B154502001C5B31 /* AppDelegate.m in Sources */,
				6B3F78981B1CB46A00AFF84C /* ESSTimer.m in Sources */,
				6BD89F811B1545AA001C5B31 /* ESSBeaconScanner.m in Sources */,
				6BD89F5A1B154502001C5B31 /* main.m in Sources */,
			);
			runOnlyForDeploymentPostprocessing = 0;
		};
		6BD89F691B154503001C5B31 /* Sources */ = {
			isa = PBXSourcesBuildPhase;
			buildActionMask = 2147483647;
			files = (
				6BD89F741B154503001C5B31 /* EddystoneScannerSampleTests.m in Sources */,
			);
			runOnlyForDeploymentPostprocessing = 0;
		};
/* End PBXSourcesBuildPhase section */

/* Begin PBXTargetDependency section */
		6BD89F6F1B154503001C5B31 /* PBXTargetDependency */ = {
			isa = PBXTargetDependency;
			target = 6BD89F531B154502001C5B31 /* EddystoneScannerSample */;
			targetProxy = 6BD89F6E1B154503001C5B31 /* PBXContainerItemProxy */;
		};
/* End PBXTargetDependency section */

/* Begin PBXVariantGroup section */
		6B8201AA1B46C4FA00711245 /* Main.storyboard */ = {
			isa = PBXVariantGroup;
			children = (
				6B8201AB1B46C4FA00711245 /* Base */,
			);
			name = Main.storyboard;
			sourceTree = "<group>";
		};
		6B8201AF1B46C4FA00711245 /* LaunchScreen.xib */ = {
			isa = PBXVariantGroup;
			children = (
				6B8201B01B46C4FA00711245 /* Base */,
			);
			name = LaunchScreen.xib;
			sourceTree = "<group>";
		};
		6BD89F611B154503001C5B31 /* Main.storyboard */ = {
			isa = PBXVariantGroup;
			children = (
				6BD89F621B154503001C5B31 /* Base */,
			);
			name = Main.storyboard;
			sourceTree = "<group>";
		};
		6BD89F661B154503001C5B31 /* LaunchScreen.xib */ = {
			isa = PBXVariantGroup;
			children = (
				6BD89F671B154503001C5B31 /* Base */,
			);
			name = LaunchScreen.xib;
			sourceTree = "<group>";
		};
/* End PBXVariantGroup section */

/* Begin XCBuildConfiguration section */
		6B8201BE1B46C4FA00711245 /* Debug */ = {
			isa = XCBuildConfiguration;
			buildSettings = {
				ASSETCATALOG_COMPILER_APPICON_NAME = AppIcon;
				GCC_PREPROCESSOR_DEFINITIONS = (
					"DEBUG=1",
					"$(inherited)",
				);
				INFOPLIST_FILE = EddystoneScannerSampleSwift/Info.plist;
				IPHONEOS_DEPLOYMENT_TARGET = 8.0;
				LD_RUNPATH_SEARCH_PATHS = "$(inherited) @executable_path/Frameworks";
				PRODUCT_BUNDLE_IDENTIFIER = "com.google.sample.$(PRODUCT_NAME:rfc1034identifier)";
				PRODUCT_NAME = "$(TARGET_NAME)";
				SWIFT_OPTIMIZATION_LEVEL = "-Onone";
				SWIFT_VERSION = 4.0;
			};
			name = Debug;
		};
		6B8201BF1B46C4FA00711245 /* Release */ = {
			isa = XCBuildConfiguration;
			buildSettings = {
				ASSETCATALOG_COMPILER_APPICON_NAME = AppIcon;
				INFOPLIST_FILE = EddystoneScannerSampleSwift/Info.plist;
				IPHONEOS_DEPLOYMENT_TARGET = 8.0;
				LD_RUNPATH_SEARCH_PATHS = "$(inherited) @executable_path/Frameworks";
				PRODUCT_BUNDLE_IDENTIFIER = "com.google.sample.$(PRODUCT_NAME:rfc1034identifier)";
				PRODUCT_NAME = "$(TARGET_NAME)";
				SWIFT_VERSION = 4.0;
			};
			name = Release;
		};
		6BD89F751B154503001C5B31 /* Debug */ = {
			isa = XCBuildConfiguration;
			buildSettings = {
				ALWAYS_SEARCH_USER_PATHS = NO;
				CLANG_CXX_LANGUAGE_STANDARD = "gnu++0x";
				CLANG_CXX_LIBRARY = "libc++";
				CLANG_ENABLE_MODULES = YES;
				CLANG_ENABLE_OBJC_ARC = YES;
				CLANG_WARN_BOOL_CONVERSION = YES;
				CLANG_WARN_CONSTANT_CONVERSION = YES;
				CLANG_WARN_DIRECT_OBJC_ISA_USAGE = YES_ERROR;
				CLANG_WARN_EMPTY_BODY = YES;
				CLANG_WARN_ENUM_CONVERSION = YES;
				CLANG_WARN_INT_CONVERSION = YES;
				CLANG_WARN_OBJC_ROOT_CLASS = YES_ERROR;
				CLANG_WARN_UNREACHABLE_CODE = YES;
				CLANG_WARN__DUPLICATE_METHOD_MATCH = YES;
				"CODE_SIGN_IDENTITY[sdk=iphoneos*]" = "iPhone Developer";
				COPY_PHASE_STRIP = NO;
				DEBUG_INFORMATION_FORMAT = "dwarf-with-dsym";
				ENABLE_STRICT_OBJC_MSGSEND = YES;
				ENABLE_TESTABILITY = YES;
				GCC_C_LANGUAGE_STANDARD = gnu99;
				GCC_DYNAMIC_NO_PIC = NO;
				GCC_NO_COMMON_BLOCKS = YES;
				GCC_OPTIMIZATION_LEVEL = 0;
				GCC_PREPROCESSOR_DEFINITIONS = (
					"DEBUG=1",
					"$(inherited)",
				);
				GCC_SYMBOLS_PRIVATE_EXTERN = NO;
				GCC_WARN_64_TO_32_BIT_CONVERSION = YES;
				GCC_WARN_ABOUT_RETURN_TYPE = YES_ERROR;
				GCC_WARN_UNDECLARED_SELECTOR = YES;
				GCC_WARN_UNINITIALIZED_AUTOS = YES_AGGRESSIVE;
				GCC_WARN_UNUSED_FUNCTION = YES;
				GCC_WARN_UNUSED_VARIABLE = YES;
				IPHONEOS_DEPLOYMENT_TARGET = 8.0;
				MTL_ENABLE_DEBUG_INFO = YES;
				ONLY_ACTIVE_ARCH = YES;
				SDKROOT = iphoneos;
				TARGETED_DEVICE_FAMILY = "1,2";
			};
			name = Debug;
		};
		6BD89F761B154503001C5B31 /* Release */ = {
			isa = XCBuildConfiguration;
			buildSettings = {
				ALWAYS_SEARCH_USER_PATHS = NO;
				CLANG_CXX_LANGUAGE_STANDARD = "gnu++0x";
				CLANG_CXX_LIBRARY = "libc++";
				CLANG_ENABLE_MODULES = YES;
				CLANG_ENABLE_OBJC_ARC = YES;
				CLANG_WARN_BOOL_CONVERSION = YES;
				CLANG_WARN_CONSTANT_CONVERSION = YES;
				CLANG_WARN_DIRECT_OBJC_ISA_USAGE = YES_ERROR;
				CLANG_WARN_EMPTY_BODY = YES;
				CLANG_WARN_ENUM_CONVERSION = YES;
				CLANG_WARN_INT_CONVERSION = YES;
				CLANG_WARN_OBJC_ROOT_CLASS = YES_ERROR;
				CLANG_WARN_UNREACHABLE_CODE = YES;
				CLANG_WARN__DUPLICATE_METHOD_MATCH = YES;
				"CODE_SIGN_IDENTITY[sdk=iphoneos*]" = "iPhone Developer";
				COPY_PHASE_STRIP = NO;
				DEBUG_INFORMATION_FORMAT = "dwarf-with-dsym";
				ENABLE_NS_ASSERTIONS = NO;
				ENABLE_STRICT_OBJC_MSGSEND = YES;
				GCC_C_LANGUAGE_STANDARD = gnu99;
				GCC_NO_COMMON_BLOCKS = YES;
				GCC_WARN_64_TO_32_BIT_CONVERSION = YES;
				GCC_WARN_ABOUT_RETURN_TYPE = YES_ERROR;
				GCC_WARN_UNDECLARED_SELECTOR = YES;
				GCC_WARN_UNINITIALIZED_AUTOS = YES_AGGRESSIVE;
				GCC_WARN_UNUSED_FUNCTION = YES;
				GCC_WARN_UNUSED_VARIABLE = YES;
				IPHONEOS_DEPLOYMENT_TARGET = 8.0;
				MTL_ENABLE_DEBUG_INFO = NO;
				SDKROOT = iphoneos;
				TARGETED_DEVICE_FAMILY = "1,2";
				VALIDATE_PRODUCT = YES;
			};
			name = Release;
		};
		6BD89F781B154503001C5B31 /* Debug */ = {
			isa = XCBuildConfiguration;
			buildSettings = {
				ASSETCATALOG_COMPILER_APPICON_NAME = AppIcon;
				INFOPLIST_FILE = EddystoneScannerSample/Info.plist;
				IPHONEOS_DEPLOYMENT_TARGET = 8.0;
				LD_RUNPATH_SEARCH_PATHS = "$(inherited) @executable_path/Frameworks";
				PRODUCT_BUNDLE_IDENTIFIER = "org.example.$(PRODUCT_NAME:rfc1034identifier)";
				PRODUCT_NAME = "$(TARGET_NAME)";
			};
			name = Debug;
		};
		6BD89F791B154503001C5B31 /* Release */ = {
			isa = XCBuildConfiguration;
			buildSettings = {
				ASSETCATALOG_COMPILER_APPICON_NAME = AppIcon;
				INFOPLIST_FILE = EddystoneScannerSample/Info.plist;
				IPHONEOS_DEPLOYMENT_TARGET = 8.0;
				LD_RUNPATH_SEARCH_PATHS = "$(inherited) @executable_path/Frameworks";
				PRODUCT_BUNDLE_IDENTIFIER = "org.example.$(PRODUCT_NAME:rfc1034identifier)";
				PRODUCT_NAME = "$(TARGET_NAME)";
			};
			name = Release;
		};
		6BD89F7B1B154503001C5B31 /* Debug */ = {
			isa = XCBuildConfiguration;
			buildSettings = {
				BUNDLE_LOADER = "$(TEST_HOST)";
				FRAMEWORK_SEARCH_PATHS = (
					"$(SDKROOT)/Developer/Library/Frameworks",
					"$(inherited)",
				);
				GCC_PREPROCESSOR_DEFINITIONS = (
					"DEBUG=1",
					"$(inherited)",
				);
				INFOPLIST_FILE = EddystoneScannerSampleTests/Info.plist;
				LD_RUNPATH_SEARCH_PATHS = "$(inherited) @executable_path/Frameworks @loader_path/Frameworks";
				PRODUCT_BUNDLE_IDENTIFIER = "org.example.$(PRODUCT_NAME:rfc1034identifier)";
				PRODUCT_NAME = "$(TARGET_NAME)";
				TEST_HOST = "$(BUILT_PRODUCTS_DIR)/EddystoneScannerSample.app/EddystoneScannerSample";
			};
			name = Debug;
		};
		6BD89F7C1B154503001C5B31 /* Release */ = {
			isa = XCBuildConfiguration;
			buildSettings = {
				BUNDLE_LOADER = "$(TEST_HOST)";
				FRAMEWORK_SEARCH_PATHS = (
					"$(SDKROOT)/Developer/Library/Frameworks",
					"$(inherited)",
				);
				INFOPLIST_FILE = EddystoneScannerSampleTests/Info.plist;
				LD_RUNPATH_SEARCH_PATHS = "$(inherited) @executable_path/Frameworks @loader_path/Frameworks";
				PRODUCT_BUNDLE_IDENTIFIER = "org.example.$(PRODUCT_NAME:rfc1034identifier)";
				PRODUCT_NAME = "$(TARGET_NAME)";
				TEST_HOST = "$(BUILT_PRODUCTS_DIR)/EddystoneScannerSample.app/EddystoneScannerSample";
			};
			name = Release;
		};
/* End XCBuildConfiguration section */

/* Begin XCConfigurationList section */
		6B8201C21B46C4FA00711245 /* Build configuration list for PBXNativeTarget "EddystoneScannerSampleSwift" */ = {
			isa = XCConfigurationList;
			buildConfigurations = (
				6B8201BE1B46C4FA00711245 /* Debug */,
				6B8201BF1B46C4FA00711245 /* Release */,
			);
			defaultConfigurationIsVisible = 0;
			defaultConfigurationName = Release;
		};
		6BD89F4F1B154502001C5B31 /* Build configuration list for PBXProject "EddystoneScannerSample" */ = {
			isa = XCConfigurationList;
			buildConfigurations = (
				6BD89F751B154503001C5B31 /* Debug */,
				6BD89F761B154503001C5B31 /* Release */,
			);
			defaultConfigurationIsVisible = 0;
			defaultConfigurationName = Release;
		};
		6BD89F771B154503001C5B31 /* Build configuration list for PBXNativeTarget "EddystoneScannerSample" */ = {
			isa = XCConfigurationList;
			buildConfigurations = (
				6BD89F781B154503001C5B31 /* Debug */,
				6BD89F791B154503001C5B31 /* Release */,
			);
			defaultConfigurationIsVisible = 0;
			defaultConfigurationName = Release;
		};
		6BD89F7A1B154503001C5B31 /* Build configuration list for PBXNativeTarget "EddystoneScannerSampleTests" */ = {
			isa = XCConfigurationList;
			buildConfigurations = (
				6BD89F7B1B154503001C5B31 /* Debug */,
				6BD89F7C1B154503001C5B31 /* Release */,
			);
			defaultConfigurationIsVisible = 0;
			defaultConfigurationName = Release;
		};
/* End XCConfigurationList section */
	};
	rootObject = 6BD89F4C1B154502001C5B31 /* Project object */;
}
